Microsoft Visual Studio Solution File, Format Version 12.00
# Visual Studio Version 17
VisualStudioVersion = 17.5.2.0
MinimumVisualStudioVersion = 10.0.40219.1
Project("{FAE04EC0-301F-11D3-BF4B-00C04F79EFBC}") = "GatePassAPI", "GatePassAPI\GatePassAPI.csproj", "{02D59CFC-671D-0493-F54C-992D699010D0}"
EndProject
Project("{2150E333-8FDC-42A3-9474-1A3956D46DE8}") = "GatePassInfrastructure", "GatePassInfrastructure", "{46E0095D-B0B5-01B1-F1E2-7B3811F48E8A}"
EndProject
Project("{2150E333-8FDC-42A3-9474-1A3956D46DE8}") = "node_modules", "node_modules", "{DB7AD761-E9E9-5599-5D4D-FFD3B49A5042}"
EndProject
Project("{2150E333-8FDC-42A3-9474-1A3956D46DE8}") = "aws-cdk", "aws-cdk", "{1F21B3CA-AE83-86E3-718A-942C872C0D4F}"
EndProject
Project("{2150E333-8FDC-42A3-9474-1A3956D46DE8}") = "lib", "lib", "{64CF48FB-EC5C-6D9C-415B-4105BF7107F9}"
EndProject
Project("{2150E333-8FDC-42A3-9474-1A3956D46DE8}") = "init-templates", "init-templates", "{82BC64E4-0036-906A-5C8C-293054B578B3}"
EndProject
Project("{2150E333-8FDC-42A3-9474-1A3956D46DE8}") = "sample-app", "sample-app", "{57F12645-8D7E-092E-297B-31B744E20C9F}"
EndProject
Project("{2150E333-8FDC-42A3-9474-1A3956D46DE8}") = "csharp", "csharp", "{6EA156C8-7D09-EBD9-E9F1-B4CE7CE1369E}"
EndProject
Project("{2150E333-8FDC-42A3-9474-1A3956D46DE8}") = "src", "src", "{98F43A73-3EBF-D5FF-5B9F-8A7883944E4A}"
EndProject
Project("{2150E333-8FDC-42A3-9474-1A3956D46DE8}") = "%name.PascalCased%", "%name.PascalCased%", "{AC993F9B-A35F-888F-1F3A-68D946501563}"
EndProject
Project("{FAE04EC0-301F-11D3-BF4B-00C04F79EFBC}") = "%name.PascalCased%.template", "GatePassInfrastructure\node_modules\aws-cdk\lib\init-templates\sample-app\csharp\src\%name.PascalCased%\%name.PascalCased%.template.csproj", "{B837312F-7674-8017-E32B-3C69B3975F2A}"
EndProject
Project("{2150E333-8FDC-42A3-9474-1A3956D46DE8}") = "app", "app", "{F5651402-415B-13CE-CED3-86B8B4C30B07}"
EndProject
Project("{2150E333-8FDC-42A3-9474-1A3956D46DE8}") = "csharp", "csharp", "{46C1EC1A-0375-CEC4-D5E3-9618A69B732E}"
EndProject
Project("{2150E333-8FDC-42A3-9474-1A3956D46DE8}") = "src", "src", "{A8C4ED37-6EDD-6D15-ECF7-87B968923638}"
EndProject
Project("{2150E333-8FDC-42A3-9474-1A3956D46DE8}") = "%name.PascalCased%", "%name.PascalCased%", "{D0F91810-05C1-B0E3-B517-64A0DDC5DEA4}"
EndProject
Project("{FAE04EC0-301F-11D3-BF4B-00C04F79EFBC}") = "%name.PascalCased%.template", "GatePassInfrastructure\node_modules\aws-cdk\lib\init-templates\app\csharp\src\%name.PascalCased%\%name.PascalCased%.template.csproj", "{32D88CEF-66DC-E0DD-6918-CD81E1EC6DD6}"
EndProject
Global
	GlobalSection(SolutionConfigurationPlatforms) = preSolution
		Debug|Any CPU = Debug|Any CPU
		Release|Any CPU = Release|Any CPU
	EndGlobalSection
	GlobalSection(ProjectConfigurationPlatforms) = postSolution
		{02D59CFC-671D-0493-F54C-992D699010D0}.Debug|Any CPU.ActiveCfg = Debug|Any CPU
		{02D59CFC-671D-0493-F54C-992D699010D0}.Debug|Any CPU.Build.0 = Debug|Any CPU
		{02D59CFC-671D-0493-F54C-992D699010D0}.Release|Any CPU.ActiveCfg = Release|Any CPU
		{02D59CFC-671D-0493-F54C-992D699010D0}.Release|Any CPU.Build.0 = Release|Any CPU
		{B837312F-7674-8017-E32B-3C69B3975F2A}.Debug|Any CPU.ActiveCfg = Debug|Any CPU
		{B837312F-7674-8017-E32B-3C69B3975F2A}.Debug|Any CPU.Build.0 = Debug|Any CPU
		{B837312F-7674-8017-E32B-3C69B3975F2A}.Release|Any CPU.ActiveCfg = Release|Any CPU
		{B837312F-7674-8017-E32B-3C69B3975F2A}.Release|Any CPU.Build.0 = Release|Any CPU
		{32D88CEF-66DC-E0DD-6918-CD81E1EC6DD6}.Debug|Any CPU.ActiveCfg = Debug|Any CPU
		{32D88CEF-66DC-E0DD-6918-CD81E1EC6DD6}.Debug|Any CPU.Build.0 = Debug|Any CPU
		{32D88CEF-66DC-E0DD-6918-CD81E1EC6DD6}.Release|Any CPU.ActiveCfg = Release|Any CPU
		{32D88CEF-66DC-E0DD-6918-CD81E1EC6DD6}.Release|Any CPU.Build.0 = Release|Any CPU
	EndGlobalSection
	GlobalSection(SolutionProperties) = preSolution
		HideSolutionNode = FALSE
	EndGlobalSection
	GlobalSection(NestedProjects) = preSolution
		{DB7AD761-E9E9-5599-5D4D-FFD3B49A5042} = {46E0095D-B0B5-01B1-F1E2-7B3811F48E8A}
		{1F21B3CA-AE83-86E3-718A-942C872C0D4F} = {DB7AD761-E9E9-5599-5D4D-FFD3B49A5042}
		{64CF48FB-EC5C-6D9C-415B-4105BF7107F9} = {1F21B3CA-AE83-86E3-718A-942C872C0D4F}
		{82BC64E4-0036-906A-5C8C-293054B578B3} = {64CF48FB-EC5C-6D9C-415B-4105BF7107F9}
		{57F12645-8D7E-092E-297B-31B744E20C9F} = {82BC64E4-0036-906A-5C8C-293054B578B3}
		{6EA156C8-7D09-EBD9-E9F1-B4CE7CE1369E} = {57F12645-8D7E-092E-297B-31B744E20C9F}
		{98F43A73-3EBF-D5FF-5B9F-8A7883944E4A} = {6EA156C8-7D09-EBD9-E9F1-B4CE7CE1369E}
		{AC993F9B-A35F-888F-1F3A-68D946501563} = {98F43A73-3EBF-D5FF-5B9F-8A7883944E4A}
		{B837312F-7674-8017-E32B-3C69B3975F2A} = {AC993F9B-A35F-888F-1F3A-68D946501563}
		{F5651402-415B-13CE-CED3-86B8B4C30B07} = {82BC64E4-0036-906A-5C8C-293054B578B3}
		{46C1EC1A-0375-CEC4-D5E3-9618A69B732E} = {F5651402-415B-13CE-CED3-86B8B4C30B07}
		{A8C4ED37-6EDD-6D15-ECF7-87B968923638} = {46C1EC1A-0375-CEC4-D5E3-9618A69B732E}
		{D0F91810-05C1-B0E3-B517-64A0DDC5DEA4} = {A8C4ED37-6EDD-6D15-ECF7-87B968923638}
		{32D88CEF-66DC-E0DD-6918-CD81E1EC6DD6} = {D0F91810-05C1-B0E3-B517-64A0DDC5DEA4}
	EndGlobalSection
	GlobalSection(ExtensibilityGlobals) = postSolution
		SolutionGuid = {DEBF0B08-3B89-4F21-9917-0CC6FF29E981}
	EndGlobalSection
EndGlobal
